
Microsoft Visual Studio Solution File, Format Version 12.00
# Visual Studio Version 17
VisualStudioVersion = 17.7.34031.279
MinimumVisualStudioVersion = 10.0.40219.1
Project("{8BC9CEB8-8B4A-11D0-8D11-00A0C91BC942}") = "TR2Main-VS", "TR2Main-VS\TR2Main-VS.vcxproj", "{0B1D052A-052D-450B-8D60-EABEDBD17D91}"
EndProject
Global
	GlobalSection(SolutionConfigurationPlatforms) = preSolution
		Debug_DX9|x86 = Debug_DX9|x86
		Debug|x86 = Debug|x86
		Release_DX9|x86 = Release_DX9|x86
		Release|x86 = Release|x86
	EndGlobalSection
	GlobalSection(ProjectConfigurationPlatforms) = postSolution
		{0B1D052A-052D-450B-8D60-EABEDBD17D91}.Debug_DX9|x86.ActiveCfg = Debug_DX9|Win32
		{0B1D052A-052D-450B-8D60-EABEDBD17D91}.Debug_DX9|x86.Build.0 = Debug_DX9|Win32
		{0B1D052A-052D-450B-8D60-EABEDBD17D91}.Debug|x86.ActiveCfg = Debug|Win32
		{0B1D052A-052D-450B-8D60-EABEDBD17D91}.Debug|x86.Build.0 = Debug|Win32
		{0B1D052A-052D-450B-8D60-EABEDBD17D91}.Release_DX9|x86.ActiveCfg = Release_DX9|Win32
		{0B1D052A-052D-450B-8D60-EABEDBD17D91}.Release_DX9|x86.Build.0 = Release_DX9|Win32
		{0B1D052A-052D-450B-8D60-EABEDBD17D91}.Release|x86.ActiveCfg = Release|Win32
		{0B1D052A-052D-450B-8D60-EABEDBD17D91}.Release|x86.Build.0 = Release|Win32
	EndGlobalSection
	GlobalSection(SolutionProperties) = preSolution
		HideSolutionNode = FALSE
	EndGlobalSection
	GlobalSection(ExtensibilityGlobals) = postSolution
		SolutionGuid = {518C6704-506E-4545-8992-9147B6FA6A28}
	EndGlobalSection
EndGlobal
